
Microsoft Visual Studio Solution File, Format Version 12.00
# Visual Studio 15
VisualStudioVersion = 15.0.26430.15
MinimumVisualStudioVersion = 10.0.40219.1
Project("{FAE04EC0-301F-11D3-BF4B-00C04F79EFBC}") = "MultidimensionalArrays", "MultidimensionalArrays\MultidimensionalArrays.csproj", "{AB04E29A-9FD5-43D3-A88B-C945AD37F52B}"
EndProject
Project("{FAE04EC0-301F-11D3-BF4B-00C04F79EFBC}") = "MaxiamlSum", "MaxiamlSum\MaxiamlSum.csproj", "{852580A3-22C2-480A-A842-38C27095E5E9}"
EndProject
Project("{FAE04EC0-301F-11D3-BF4B-00C04F79EFBC}") = "SequenceInMatrix", "SequenceInMatrix\SequenceInMatrix.csproj", "{087B7B47-29FF-4E19-9D68-EBB13AB66F2D}"
EndProject
Global
	GlobalSection(SolutionConfigurationPlatforms) = preSolution
		Debug|Any CPU = Debug|Any CPU
		Release|Any CPU = Release|Any CPU
	EndGlobalSection
	GlobalSection(ProjectConfigurationPlatforms) = postSolution
		{AB04E29A-9FD5-43D3-A88B-C945AD37F52B}.Debug|Any CPU.ActiveCfg = Debug|Any CPU
		{AB04E29A-9FD5-43D3-A88B-C945AD37F52B}.Debug|Any CPU.Build.0 = Debug|Any CPU
		{AB04E29A-9FD5-43D3-A88B-C945AD37F52B}.Release|Any CPU.ActiveCfg = Release|Any CPU
		{AB04E29A-9FD5-43D3-A88B-C945AD37F52B}.Release|Any CPU.Build.0 = Release|Any CPU
		{852580A3-22C2-480A-A842-38C27095E5E9}.Debug|Any CPU.ActiveCfg = Debug|Any CPU
		{852580A3-22C2-480A-A842-38C27095E5E9}.Debug|Any CPU.Build.0 = Debug|Any CPU
		{852580A3-22C2-480A-A842-38C27095E5E9}.Release|Any CPU.ActiveCfg = Release|Any CPU
		{852580A3-22C2-480A-A842-38C27095E5E9}.Release|Any CPU.Build.0 = Release|Any CPU
		{087B7B47-29FF-4E19-9D68-EBB13AB66F2D}.Debug|Any CPU.ActiveCfg = Debug|Any CPU
		{087B7B47-29FF-4E19-9D68-EBB13AB66F2D}.Debug|Any CPU.Build.0 = Debug|Any CPU
		{087B7B47-29FF-4E19-9D68-EBB13AB66F2D}.Release|Any CPU.ActiveCfg = Release|Any CPU
		{087B7B47-29FF-4E19-9D68-EBB13AB66F2D}.Release|Any CPU.Build.0 = Release|Any CPU
	EndGlobalSection
	GlobalSection(SolutionProperties) = preSolution
		HideSolutionNode = FALSE
	EndGlobalSection
EndGlobal
