
Microsoft Visual Studio Solution File, Format Version 12.00
# Visual Studio 15
VisualStudioVersion = 15.0.26430.15
MinimumVisualStudioVersion = 10.0.40219.1
Project("{FAE04EC0-301F-11D3-BF4B-00C04F79EFBC}") = "DefineAnInterface", "DefineAnInterface\DefineAnInterface.csproj", "{068F8238-A27F-4DFD-AC70-78F2C19EDB56}"
EndProject
Project("{FAE04EC0-301F-11D3-BF4B-00C04F79EFBC}") = "Ferrari", "Ferrari\Ferrari.csproj", "{0FB7D805-9413-4378-8DE6-705F7064EC41}"
EndProject
Project("{FAE04EC0-301F-11D3-BF4B-00C04F79EFBC}") = "Telephony", "Telephony\Telephony.csproj", "{69BE0AC1-C956-4258-B45C-20A83774DE65}"
EndProject
Project("{FAE04EC0-301F-11D3-BF4B-00C04F79EFBC}") = "BorderControl", "BorderControl\BorderControl.csproj", "{EF578437-D702-4BB0-B0F9-B137E7BBF7D0}"
EndProject
Project("{FAE04EC0-301F-11D3-BF4B-00C04F79EFBC}") = "BirthdayCelebrations", "BirthdayCelebrations\BirthdayCelebrations.csproj", "{919C6305-B896-4AFF-9936-F8F7DCDC7570}"
EndProject
Project("{FAE04EC0-301F-11D3-BF4B-00C04F79EFBC}") = "MilitaryElite", "MilitaryElite\MilitaryElite.csproj", "{23C67AA6-3AFE-4474-9D4F-3641BE186907}"
EndProject
Global
	GlobalSection(SolutionConfigurationPlatforms) = preSolution
		Debug|Any CPU = Debug|Any CPU
		Release|Any CPU = Release|Any CPU
	EndGlobalSection
	GlobalSection(ProjectConfigurationPlatforms) = postSolution
		{068F8238-A27F-4DFD-AC70-78F2C19EDB56}.Debug|Any CPU.ActiveCfg = Debug|Any CPU
		{068F8238-A27F-4DFD-AC70-78F2C19EDB56}.Debug|Any CPU.Build.0 = Debug|Any CPU
		{068F8238-A27F-4DFD-AC70-78F2C19EDB56}.Release|Any CPU.ActiveCfg = Release|Any CPU
		{068F8238-A27F-4DFD-AC70-78F2C19EDB56}.Release|Any CPU.Build.0 = Release|Any CPU
		{0FB7D805-9413-4378-8DE6-705F7064EC41}.Debug|Any CPU.ActiveCfg = Debug|Any CPU
		{0FB7D805-9413-4378-8DE6-705F7064EC41}.Debug|Any CPU.Build.0 = Debug|Any CPU
		{0FB7D805-9413-4378-8DE6-705F7064EC41}.Release|Any CPU.ActiveCfg = Release|Any CPU
		{0FB7D805-9413-4378-8DE6-705F7064EC41}.Release|Any CPU.Build.0 = Release|Any CPU
		{69BE0AC1-C956-4258-B45C-20A83774DE65}.Debug|Any CPU.ActiveCfg = Debug|Any CPU
		{69BE0AC1-C956-4258-B45C-20A83774DE65}.Debug|Any CPU.Build.0 = Debug|Any CPU
		{69BE0AC1-C956-4258-B45C-20A83774DE65}.Release|Any CPU.ActiveCfg = Release|Any CPU
		{69BE0AC1-C956-4258-B45C-20A83774DE65}.Release|Any CPU.Build.0 = Release|Any CPU
		{EF578437-D702-4BB0-B0F9-B137E7BBF7D0}.Debug|Any CPU.ActiveCfg = Debug|Any CPU
		{EF578437-D702-4BB0-B0F9-B137E7BBF7D0}.Debug|Any CPU.Build.0 = Debug|Any CPU
		{EF578437-D702-4BB0-B0F9-B137E7BBF7D0}.Release|Any CPU.ActiveCfg = Release|Any CPU
		{EF578437-D702-4BB0-B0F9-B137E7BBF7D0}.Release|Any CPU.Build.0 = Release|Any CPU
		{919C6305-B896-4AFF-9936-F8F7DCDC7570}.Debug|Any CPU.ActiveCfg = Debug|Any CPU
		{919C6305-B896-4AFF-9936-F8F7DCDC7570}.Debug|Any CPU.Build.0 = Debug|Any CPU
		{919C6305-B896-4AFF-9936-F8F7DCDC7570}.Release|Any CPU.ActiveCfg = Release|Any CPU
		{919C6305-B896-4AFF-9936-F8F7DCDC7570}.Release|Any CPU.Build.0 = Release|Any CPU
		{23C67AA6-3AFE-4474-9D4F-3641BE186907}.Debug|Any CPU.ActiveCfg = Debug|Any CPU
		{23C67AA6-3AFE-4474-9D4F-3641BE186907}.Debug|Any CPU.Build.0 = Debug|Any CPU
		{23C67AA6-3AFE-4474-9D4F-3641BE186907}.Release|Any CPU.ActiveCfg = Release|Any CPU
		{23C67AA6-3AFE-4474-9D4F-3641BE186907}.Release|Any CPU.Build.0 = Release|Any CPU
	EndGlobalSection
	GlobalSection(SolutionProperties) = preSolution
		HideSolutionNode = FALSE
	EndGlobalSection
EndGlobal
