
Microsoft Visual Studio Solution File, Format Version 12.00
# Visual Studio 15
VisualStudioVersion = 15.0.26430.15
MinimumVisualStudioVersion = 10.0.40219.1
Project("{FAE04EC0-301F-11D3-BF4B-00C04F79EFBC}") = "DefineAnInterface", "DefineAnInterface\DefineAnInterface.csproj", "{068F8238-A27F-4DFD-AC70-78F2C19EDB56}"
EndProject
Project("{FAE04EC0-301F-11D3-BF4B-00C04F79EFBC}") = "Ferrari", "Ferrari\Ferrari.csproj", "{0FB7D805-9413-4378-8DE6-705F7064EC41}"
EndProject
Global
	GlobalSection(SolutionConfigurationPlatforms) = preSolution
		Debug|Any CPU = Debug|Any CPU
		Release|Any CPU = Release|Any CPU
	EndGlobalSection
	GlobalSection(ProjectConfigurationPlatforms) = postSolution
		{068F8238-A27F-4DFD-AC70-78F2C19EDB56}.Debug|Any CPU.ActiveCfg = Debug|Any CPU
		{068F8238-A27F-4DFD-AC70-78F2C19EDB56}.Debug|Any CPU.Build.0 = Debug|Any CPU
		{068F8238-A27F-4DFD-AC70-78F2C19EDB56}.Release|Any CPU.ActiveCfg = Release|Any CPU
		{068F8238-A27F-4DFD-AC70-78F2C19EDB56}.Release|Any CPU.Build.0 = Release|Any CPU
		{0FB7D805-9413-4378-8DE6-705F7064EC41}.Debug|Any CPU.ActiveCfg = Debug|Any CPU
		{0FB7D805-9413-4378-8DE6-705F7064EC41}.Debug|Any CPU.Build.0 = Debug|Any CPU
		{0FB7D805-9413-4378-8DE6-705F7064EC41}.Release|Any CPU.ActiveCfg = Release|Any CPU
		{0FB7D805-9413-4378-8DE6-705F7064EC41}.Release|Any CPU.Build.0 = Release|Any CPU
	EndGlobalSection
	GlobalSection(SolutionProperties) = preSolution
		HideSolutionNode = FALSE
	EndGlobalSection
EndGlobal
