
Microsoft Visual Studio Solution File, Format Version 12.00
# Visual Studio 15
VisualStudioVersion = 15.0.26430.15
MinimumVisualStudioVersion = 10.0.40219.1
Project("{FAE04EC0-301F-11D3-BF4B-00C04F79EFBC}") = "Person", "Person\Person.csproj", "{82F2CB3D-9498-4307-BCCC-99BB63980F8C}"
EndProject
Project("{FAE04EC0-301F-11D3-BF4B-00C04F79EFBC}") = "BookShop", "BookShop\BookShop.csproj", "{3A6FDDA6-1208-4F32-94D2-6433F9932352}"
EndProject
Project("{FAE04EC0-301F-11D3-BF4B-00C04F79EFBC}") = "Mankind", "Mankind\Mankind.csproj", "{108139C8-767E-4A0E-B704-3048072ADFB5}"
EndProject
Global
	GlobalSection(SolutionConfigurationPlatforms) = preSolution
		Debug|Any CPU = Debug|Any CPU
		Release|Any CPU = Release|Any CPU
	EndGlobalSection
	GlobalSection(ProjectConfigurationPlatforms) = postSolution
		{82F2CB3D-9498-4307-BCCC-99BB63980F8C}.Debug|Any CPU.ActiveCfg = Debug|Any CPU
		{82F2CB3D-9498-4307-BCCC-99BB63980F8C}.Debug|Any CPU.Build.0 = Debug|Any CPU
		{82F2CB3D-9498-4307-BCCC-99BB63980F8C}.Release|Any CPU.ActiveCfg = Release|Any CPU
		{82F2CB3D-9498-4307-BCCC-99BB63980F8C}.Release|Any CPU.Build.0 = Release|Any CPU
		{3A6FDDA6-1208-4F32-94D2-6433F9932352}.Debug|Any CPU.ActiveCfg = Debug|Any CPU
		{3A6FDDA6-1208-4F32-94D2-6433F9932352}.Debug|Any CPU.Build.0 = Debug|Any CPU
		{3A6FDDA6-1208-4F32-94D2-6433F9932352}.Release|Any CPU.ActiveCfg = Release|Any CPU
		{3A6FDDA6-1208-4F32-94D2-6433F9932352}.Release|Any CPU.Build.0 = Release|Any CPU
		{108139C8-767E-4A0E-B704-3048072ADFB5}.Debug|Any CPU.ActiveCfg = Debug|Any CPU
		{108139C8-767E-4A0E-B704-3048072ADFB5}.Debug|Any CPU.Build.0 = Debug|Any CPU
		{108139C8-767E-4A0E-B704-3048072ADFB5}.Release|Any CPU.ActiveCfg = Release|Any CPU
		{108139C8-767E-4A0E-B704-3048072ADFB5}.Release|Any CPU.Build.0 = Release|Any CPU
	EndGlobalSection
	GlobalSection(SolutionProperties) = preSolution
		HideSolutionNode = FALSE
	EndGlobalSection
EndGlobal
